
Microsoft Visual Studio Solution File, Format Version 12.00
# Visual Studio Version 16
VisualStudioVersion = 16.0.31313.79
MinimumVisualStudioVersion = 10.0.40219.1
Project("{9A19103F-16F7-4668-BE54-9A1E7A4F7556}") = "BinaryGap", "src\BinaryGap.csproj", "{A76150D7-9A42-4B0B-B21E-65963B8E695F}"
EndProject
Project("{9A19103F-16F7-4668-BE54-9A1E7A4F7556}") = "BinaryGap.Tests", "tests\BinaryGap.Tests.csproj", "{8FE701DB-8380-4AB6-B235-809E6BA172ED}"
EndProject
Global
	GlobalSection(SolutionConfigurationPlatforms) = preSolution
		Debug|Any CPU = Debug|Any CPU
		Release|Any CPU = Release|Any CPU
	EndGlobalSection
	GlobalSection(ProjectConfigurationPlatforms) = postSolution
		{A76150D7-9A42-4B0B-B21E-65963B8E695F}.Debug|Any CPU.ActiveCfg = Debug|Any CPU
		{A76150D7-9A42-4B0B-B21E-65963B8E695F}.Debug|Any CPU.Build.0 = Debug|Any CPU
		{A76150D7-9A42-4B0B-B21E-65963B8E695F}.Release|Any CPU.ActiveCfg = Release|Any CPU
		{A76150D7-9A42-4B0B-B21E-65963B8E695F}.Release|Any CPU.Build.0 = Release|Any CPU
		{8FE701DB-8380-4AB6-B235-809E6BA172ED}.Debug|Any CPU.ActiveCfg = Debug|Any CPU
		{8FE701DB-8380-4AB6-B235-809E6BA172ED}.Debug|Any CPU.Build.0 = Debug|Any CPU
		{8FE701DB-8380-4AB6-B235-809E6BA172ED}.Release|Any CPU.ActiveCfg = Release|Any CPU
		{8FE701DB-8380-4AB6-B235-809E6BA172ED}.Release|Any CPU.Build.0 = Release|Any CPU
	EndGlobalSection
	GlobalSection(SolutionProperties) = preSolution
		HideSolutionNode = FALSE
	EndGlobalSection
	GlobalSection(ExtensibilityGlobals) = postSolution
		SolutionGuid = {6CD6E71A-F64B-463E-B41E-7B45BD35629F}
	EndGlobalSection
EndGlobal
