
Microsoft Visual Studio Solution File, Format Version 12.00
# Visual Studio Version 16
VisualStudioVersion = 16.0.31005.135
MinimumVisualStudioVersion = 10.0.40219.1
Project("{FAE04EC0-301F-11D3-BF4B-00C04F79EFBC}") = "WindowsFormsApp1", "WindowsFormsApp1\WindowsFormsApp1.csproj", "{BFEE5675-3365-46B0-AE10-5C5E3386B832}"
EndProject
Global
	GlobalSection(SolutionConfigurationPlatforms) = preSolution
		Debug|Any CPU = Debug|Any CPU
		Release|Any CPU = Release|Any CPU
	EndGlobalSection
	GlobalSection(ProjectConfigurationPlatforms) = postSolution
		{BFEE5675-3365-46B0-AE10-5C5E3386B832}.Debug|Any CPU.ActiveCfg = Debug|Any CPU
		{BFEE5675-3365-46B0-AE10-5C5E3386B832}.Debug|Any CPU.Build.0 = Debug|Any CPU
		{BFEE5675-3365-46B0-AE10-5C5E3386B832}.Release|Any CPU.ActiveCfg = Release|Any CPU
		{BFEE5675-3365-46B0-AE10-5C5E3386B832}.Release|Any CPU.Build.0 = Release|Any CPU
	EndGlobalSection
	GlobalSection(SolutionProperties) = preSolution
		HideSolutionNode = FALSE
	EndGlobalSection
	GlobalSection(ExtensibilityGlobals) = postSolution
		SolutionGuid = {F5A98CF0-F402-44D7-B13F-3224C578F771}
	EndGlobalSection
EndGlobal
