
Microsoft Visual Studio Solution File, Format Version 12.00
# Visual Studio Version 16
VisualStudioVersion = 16.0.31313.79
MinimumVisualStudioVersion = 10.0.40219.1
Project("{9A19103F-16F7-4668-BE54-9A1E7A4F7556}") = "RecentlyUsedList", "src\RecentlyUsedList.csproj", "{F8A056B7-EFDA-4313-B33E-1E8A96F265C4}"
EndProject
Project("{9A19103F-16F7-4668-BE54-9A1E7A4F7556}") = "RecentlyUsedList.Tests", "tests\RecentlyUsedList.Tests.csproj", "{EBCB49D4-8D50-40D7-BE5D-81924EAB9C4F}"
EndProject
Global
	GlobalSection(SolutionConfigurationPlatforms) = preSolution
		Debug|Any CPU = Debug|Any CPU
		Release|Any CPU = Release|Any CPU
	EndGlobalSection
	GlobalSection(ProjectConfigurationPlatforms) = postSolution
		{F8A056B7-EFDA-4313-B33E-1E8A96F265C4}.Debug|Any CPU.ActiveCfg = Debug|Any CPU
		{F8A056B7-EFDA-4313-B33E-1E8A96F265C4}.Debug|Any CPU.Build.0 = Debug|Any CPU
		{F8A056B7-EFDA-4313-B33E-1E8A96F265C4}.Release|Any CPU.ActiveCfg = Release|Any CPU
		{F8A056B7-EFDA-4313-B33E-1E8A96F265C4}.Release|Any CPU.Build.0 = Release|Any CPU
		{EBCB49D4-8D50-40D7-BE5D-81924EAB9C4F}.Debug|Any CPU.ActiveCfg = Debug|Any CPU
		{EBCB49D4-8D50-40D7-BE5D-81924EAB9C4F}.Debug|Any CPU.Build.0 = Debug|Any CPU
		{EBCB49D4-8D50-40D7-BE5D-81924EAB9C4F}.Release|Any CPU.ActiveCfg = Release|Any CPU
		{EBCB49D4-8D50-40D7-BE5D-81924EAB9C4F}.Release|Any CPU.Build.0 = Release|Any CPU
	EndGlobalSection
	GlobalSection(SolutionProperties) = preSolution
		HideSolutionNode = FALSE
	EndGlobalSection
	GlobalSection(ExtensibilityGlobals) = postSolution
		SolutionGuid = {6CD6E71A-F64B-463E-B41E-7B45BD35629F}
	EndGlobalSection
EndGlobal
