
Microsoft Visual Studio Solution File, Format Version 12.00
# Visual Studio Version 16
VisualStudioVersion = 16.0.31019.35
MinimumVisualStudioVersion = 10.0.40219.1
Project("{FAE04EC0-301F-11D3-BF4B-00C04F79EFBC}") = "FileSystemVisitorProj", "FileSystemVisitor\FileSystemVisitorProj.csproj", "{6FEC62C1-9EAF-4613-A6A4-798FE6EE17E1}"
EndProject
Project("{FAE04EC0-301F-11D3-BF4B-00C04F79EFBC}") = "UnitTests", "UnitTests\UnitTests.csproj", "{D4E84BE7-7818-4655-8094-58A0F0469C87}"
EndProject
Global
	GlobalSection(SolutionConfigurationPlatforms) = preSolution
		Debug|Any CPU = Debug|Any CPU
		Release|Any CPU = Release|Any CPU
	EndGlobalSection
	GlobalSection(ProjectConfigurationPlatforms) = postSolution
		{6FEC62C1-9EAF-4613-A6A4-798FE6EE17E1}.Debug|Any CPU.ActiveCfg = Debug|Any CPU
		{6FEC62C1-9EAF-4613-A6A4-798FE6EE17E1}.Debug|Any CPU.Build.0 = Debug|Any CPU
		{6FEC62C1-9EAF-4613-A6A4-798FE6EE17E1}.Release|Any CPU.ActiveCfg = Release|Any CPU
		{6FEC62C1-9EAF-4613-A6A4-798FE6EE17E1}.Release|Any CPU.Build.0 = Release|Any CPU
		{D4E84BE7-7818-4655-8094-58A0F0469C87}.Debug|Any CPU.ActiveCfg = Debug|Any CPU
		{D4E84BE7-7818-4655-8094-58A0F0469C87}.Debug|Any CPU.Build.0 = Debug|Any CPU
		{D4E84BE7-7818-4655-8094-58A0F0469C87}.Release|Any CPU.ActiveCfg = Release|Any CPU
		{D4E84BE7-7818-4655-8094-58A0F0469C87}.Release|Any CPU.Build.0 = Release|Any CPU
	EndGlobalSection
	GlobalSection(SolutionProperties) = preSolution
		HideSolutionNode = FALSE
	EndGlobalSection
	GlobalSection(ExtensibilityGlobals) = postSolution
		SolutionGuid = {B2B72719-5797-4353-9C47-134744082169}
	EndGlobalSection
EndGlobal
