
Microsoft Visual Studio Solution File, Format Version 12.00
# Visual Studio Version 16
VisualStudioVersion = 16.0.31313.79
MinimumVisualStudioVersion = 10.0.40219.1
Project("{9A19103F-16F7-4668-BE54-9A1E7A4F7556}") = "Sudoku", "src\Sudoku.csproj", "{CF978221-6399-4D3F-AF09-41C6E34F3221}"
EndProject
Project("{9A19103F-16F7-4668-BE54-9A1E7A4F7556}") = "Sudoku.Tests", "tests\Sudoku.Tests.csproj", "{768BCEDA-0794-4187-8137-64C2B43C99F5}"
EndProject
Global
	GlobalSection(SolutionConfigurationPlatforms) = preSolution
		Debug|Any CPU = Debug|Any CPU
		Release|Any CPU = Release|Any CPU
	EndGlobalSection
	GlobalSection(ProjectConfigurationPlatforms) = postSolution
		{CF978221-6399-4D3F-AF09-41C6E34F3221}.Debug|Any CPU.ActiveCfg = Debug|Any CPU
		{CF978221-6399-4D3F-AF09-41C6E34F3221}.Debug|Any CPU.Build.0 = Debug|Any CPU
		{CF978221-6399-4D3F-AF09-41C6E34F3221}.Release|Any CPU.ActiveCfg = Release|Any CPU
		{CF978221-6399-4D3F-AF09-41C6E34F3221}.Release|Any CPU.Build.0 = Release|Any CPU
		{768BCEDA-0794-4187-8137-64C2B43C99F5}.Debug|Any CPU.ActiveCfg = Debug|Any CPU
		{768BCEDA-0794-4187-8137-64C2B43C99F5}.Debug|Any CPU.Build.0 = Debug|Any CPU
		{768BCEDA-0794-4187-8137-64C2B43C99F5}.Release|Any CPU.ActiveCfg = Release|Any CPU
		{768BCEDA-0794-4187-8137-64C2B43C99F5}.Release|Any CPU.Build.0 = Release|Any CPU
	EndGlobalSection
	GlobalSection(SolutionProperties) = preSolution
		HideSolutionNode = FALSE
	EndGlobalSection
	GlobalSection(ExtensibilityGlobals) = postSolution
		SolutionGuid = {6CD6E71A-F64B-463E-B41E-7B45BD35629F}
	EndGlobalSection
EndGlobal
